
Microsoft Visual Studio Solution File, Format Version 12.00
# Visual Studio Version 16
VisualStudioVersion = 16.0.31313.79
MinimumVisualStudioVersion = 10.0.40219.1
Project("{FAE04EC0-301F-11D3-BF4B-00C04F79EFBC}") = "Lab13", "lab_13\Lab13.csproj", "{AD7F4541-6293-49E6-BE44-B7CEC9120376}"
EndProject
Global
	GlobalSection(SolutionConfigurationPlatforms) = preSolution
		Debug|Any CPU = Debug|Any CPU
		Release|Any CPU = Release|Any CPU
	EndGlobalSection
	GlobalSection(ProjectConfigurationPlatforms) = postSolution
		{AD7F4541-6293-49E6-BE44-B7CEC9120376}.Debug|Any CPU.ActiveCfg = Debug|Any CPU
		{AD7F4541-6293-49E6-BE44-B7CEC9120376}.Debug|Any CPU.Build.0 = Debug|Any CPU
		{AD7F4541-6293-49E6-BE44-B7CEC9120376}.Release|Any CPU.ActiveCfg = Release|Any CPU
		{AD7F4541-6293-49E6-BE44-B7CEC9120376}.Release|Any CPU.Build.0 = Release|Any CPU
	EndGlobalSection
	GlobalSection(SolutionProperties) = preSolution
		HideSolutionNode = FALSE
	EndGlobalSection
	GlobalSection(ExtensibilityGlobals) = postSolution
		SolutionGuid = {995BDFF6-DF98-4B3B-8E98-5D6C0972C5D2}
	EndGlobalSection
EndGlobal
