
Microsoft Visual Studio Solution File, Format Version 12.00
# Visual Studio Version 16
VisualStudioVersion = 16.0.30907.101
MinimumVisualStudioVersion = 10.0.40219.1
Project("{FAE04EC0-301F-11D3-BF4B-00C04F79EFBC}") = "Lab10", "Lab10\Lab10.csproj", "{ED35834C-DFF5-4DD5-B5EE-998FEB36BC7D}"
EndProject
Global
	GlobalSection(SolutionConfigurationPlatforms) = preSolution
		Debug|Any CPU = Debug|Any CPU
		Release|Any CPU = Release|Any CPU
	EndGlobalSection
	GlobalSection(ProjectConfigurationPlatforms) = postSolution
		{ED35834C-DFF5-4DD5-B5EE-998FEB36BC7D}.Debug|Any CPU.ActiveCfg = Debug|Any CPU
		{ED35834C-DFF5-4DD5-B5EE-998FEB36BC7D}.Debug|Any CPU.Build.0 = Debug|Any CPU
		{ED35834C-DFF5-4DD5-B5EE-998FEB36BC7D}.Release|Any CPU.ActiveCfg = Release|Any CPU
		{ED35834C-DFF5-4DD5-B5EE-998FEB36BC7D}.Release|Any CPU.Build.0 = Release|Any CPU
	EndGlobalSection
	GlobalSection(SolutionProperties) = preSolution
		HideSolutionNode = FALSE
	EndGlobalSection
	GlobalSection(ExtensibilityGlobals) = postSolution
		SolutionGuid = {79597AA6-13CA-45E7-960F-E591B59029FA}
	EndGlobalSection
EndGlobal
